// !$*UTF8*$!
{
	archiveVersion = 1;
	classes = {
	};
	objectVersion = 46;
	objects = {

/* Begin PBXBuildFile section */
		E474E2AC1E56F1100048FBFA /* main.m in Sources */ = {isa = PBXBuildFile; fileRef = E474E2AB1E56F1100048FBFA /* main.m */; };
		E474E2D01E56F6F30048FBFA /* Build.m in Sources */ = {isa = PBXBuildFile; fileRef = E474E2C31E56F6F30048FBFA /* Build.m */; };
		E474E2D11E56F6F30048FBFA /* BuildHelper.m in Sources */ = {isa = PBXBuildFile; fileRef = E474E2C51E56F6F30048FBFA /* BuildHelper.m */; };
		E474E2D21E56F6F30048FBFA /* BuildProtocol.m in Sources */ = {isa = PBXBuildFile; fileRef = E474E2C71E56F6F30048FBFA /* BuildProtocol.m */; };
		E474E2D31E56F6F30048FBFA /* NSDate+HzyExtension.m in Sources */ = {isa = PBXBuildFile; fileRef = E474E2CA1E56F6F30048FBFA /* NSDate+HzyExtension.m */; };
		E474E2D41E56F6F30048FBFA /* NSString+HzyExtension.m in Sources */ = {isa = PBXBuildFile; fileRef = E474E2CC1E56F6F30048FBFA /* NSString+HzyExtension.m */; };
		E474E2D51E56F6F30048FBFA /* JSONKit.m in Sources */ = {isa = PBXBuildFile; fileRef = E474E2CF1E56F6F30048FBFA /* JSONKit.m */; settings = {COMPILER_FLAGS = "-fno-objc-arc"; }; };
		E474E31C1E57709F0048FBFA /* Logo.m in Sources */ = {isa = PBXBuildFile; fileRef = E474E31B1E57709F0048FBFA /* Logo.m */; };
/* End PBXBuildFile section */

/* Begin PBXCopyFilesBuildPhase section */
		E474E2A61E56F1100048FBFA /* CopyFiles */ = {
			isa = PBXCopyFilesBuildPhase;
			buildActionMask = 2147483647;
			dstPath = /usr/share/man/man1/;
			dstSubfolderSpec = 0;
			files = (
			);
			runOnlyForDeploymentPostprocessing = 1;
		};
/* End PBXCopyFilesBuildPhase section */

/* Begin PBXFileReference section */
		E474E2A81E56F1100048FBFA /* mantle */ = {isa = PBXFileReference; explicitFileType = "compiled.mach-o.executable"; includeInIndex = 0; path = mantle; sourceTree = BUILT_PRODUCTS_DIR; };
		E474E2AB1E56F1100048FBFA /* main.m */ = {isa = PBXFileReference; lastKnownFileType = sourcecode.c.objc; path = main.m; sourceTree = "<group>"; };
		E474E2C21E56F6F30048FBFA /* Build.h */ = {isa = PBXFileReference; fileEncoding = 4; lastKnownFileType = sourcecode.c.h; path = Build.h; sourceTree = "<group>"; };
		E474E2C31E56F6F30048FBFA /* Build.m */ = {isa = PBXFileReference; fileEncoding = 4; lastKnownFileType = sourcecode.c.objc; path = Build.m; sourceTree = "<group>"; };
		E474E2C41E56F6F30048FBFA /* BuildHelper.h */ = {isa = PBXFileReference; fileEncoding = 4; lastKnownFileType = sourcecode.c.h; path = BuildHelper.h; sourceTree = "<group>"; };
		E474E2C51E56F6F30048FBFA /* BuildHelper.m */ = {isa = PBXFileReference; fileEncoding = 4; lastKnownFileType = sourcecode.c.objc; path = BuildHelper.m; sourceTree = "<group>"; };
		E474E2C61E56F6F30048FBFA /* BuildProtocol.h */ = {isa = PBXFileReference; fileEncoding = 4; lastKnownFileType = sourcecode.c.h; path = BuildProtocol.h; sourceTree = "<group>"; };
		E474E2C71E56F6F30048FBFA /* BuildProtocol.m */ = {isa = PBXFileReference; fileEncoding = 4; lastKnownFileType = sourcecode.c.objc; path = BuildProtocol.m; sourceTree = "<group>"; };
		E474E2C91E56F6F30048FBFA /* NSDate+HzyExtension.h */ = {isa = PBXFileReference; fileEncoding = 4; lastKnownFileType = sourcecode.c.h; path = "NSDate+HzyExtension.h"; sourceTree = "<group>"; };
		E474E2CA1E56F6F30048FBFA /* NSDate+HzyExtension.m */ = {isa = PBXFileReference; fileEncoding = 4; lastKnownFileType = sourcecode.c.objc; path = "NSDate+HzyExtension.m"; sourceTree = "<group>"; };
		E474E2CB1E56F6F30048FBFA /* NSString+HzyExtension.h */ = {isa = PBXFileReference; fileEncoding = 4; lastKnownFileType = sourcecode.c.h; path = "NSString+HzyExtension.h"; sourceTree = "<group>"; };
		E474E2CC1E56F6F30048FBFA /* NSString+HzyExtension.m */ = {isa = PBXFileReference; fileEncoding = 4; lastKnownFileType = sourcecode.c.objc; path = "NSString+HzyExtension.m"; sourceTree = "<group>"; };
		E474E2CE1E56F6F30048FBFA /* JSONKit.h */ = {isa = PBXFileReference; fileEncoding = 4; lastKnownFileType = sourcecode.c.h; path = JSONKit.h; sourceTree = "<group>"; };
		E474E2CF1E56F6F30048FBFA /* JSONKit.m */ = {isa = PBXFileReference; fileEncoding = 4; lastKnownFileType = sourcecode.c.objc; path = JSONKit.m; sourceTree = "<group>"; };
		E474E31A1E57709F0048FBFA /* Logo.h */ = {isa = PBXFileReference; fileEncoding = 4; lastKnownFileType = sourcecode.c.h; path = Logo.h; sourceTree = "<group>"; };
		E474E31B1E57709F0048FBFA /* Logo.m */ = {isa = PBXFileReference; fileEncoding = 4; lastKnownFileType = sourcecode.c.objc; path = Logo.m; sourceTree = "<group>"; };
/* End PBXFileReference section */

/* Begin PBXFrameworksBuildPhase section */
		E474E2A51E56F1100048FBFA /* Frameworks */ = {
			isa = PBXFrameworksBuildPhase;
			buildActionMask = 2147483647;
			files = (
			);
			runOnlyForDeploymentPostprocessing = 0;
		};
/* End PBXFrameworksBuildPhase section */

/* Begin PBXGroup section */
		E474E29F1E56F1100048FBFA = {
			isa = PBXGroup;
			children = (
				E474E2AA1E56F1100048FBFA /* Mantle */,
				E474E2A91E56F1100048FBFA /* Products */,
			);
			sourceTree = "<group>";
		};
		E474E2A91E56F1100048FBFA /* Products */ = {
			isa = PBXGroup;
			children = (
				E474E2A81E56F1100048FBFA /* mantle */,
			);
			name = Products;
			sourceTree = "<group>";
		};
		E474E2AA1E56F1100048FBFA /* Mantle */ = {
			isa = PBXGroup;
			children = (
				E474E3191E5770880048FBFA /* Logo */,
				E474E2C11E56F6F30048FBFA /* BuildHelper */,
				E474E2C81E56F6F30048FBFA /* ClassCategory */,
				E474E2CD1E56F6F30048FBFA /* JSONKit */,
				E474E2AB1E56F1100048FBFA /* main.m */,
			);
			path = Mantle;
			sourceTree = "<group>";
		};
		E474E2C11E56F6F30048FBFA /* BuildHelper */ = {
			isa = PBXGroup;
			children = (
				E474E2C21E56F6F30048FBFA /* Build.h */,
				E474E2C31E56F6F30048FBFA /* Build.m */,
				E474E2C41E56F6F30048FBFA /* BuildHelper.h */,
				E474E2C51E56F6F30048FBFA /* BuildHelper.m */,
				E474E2C61E56F6F30048FBFA /* BuildProtocol.h */,
				E474E2C71E56F6F30048FBFA /* BuildProtocol.m */,
			);
			path = BuildHelper;
			sourceTree = "<group>";
		};
		E474E2C81E56F6F30048FBFA /* ClassCategory */ = {
			isa = PBXGroup;
			children = (
				E474E2C91E56F6F30048FBFA /* NSDate+HzyExtension.h */,
				E474E2CA1E56F6F30048FBFA /* NSDate+HzyExtension.m */,
				E474E2CB1E56F6F30048FBFA /* NSString+HzyExtension.h */,
				E474E2CC1E56F6F30048FBFA /* NSString+HzyExtension.m */,
			);
			path = ClassCategory;
			sourceTree = "<group>";
		};
		E474E2CD1E56F6F30048FBFA /* JSONKit */ = {
			isa = PBXGroup;
			children = (
				E474E2CE1E56F6F30048FBFA /* JSONKit.h */,
				E474E2CF1E56F6F30048FBFA /* JSONKit.m */,
			);
			path = JSONKit;
			sourceTree = "<group>";
		};
		E474E3191E5770880048FBFA /* Logo */ = {
			isa = PBXGroup;
			children = (
				E474E31A1E57709F0048FBFA /* Logo.h */,
				E474E31B1E57709F0048FBFA /* Logo.m */,
			);
			path = Logo;
			sourceTree = "<group>";
		};
/* End PBXGroup section */

/* Begin PBXNativeTarget section */
		E474E2A71E56F1100048FBFA /* Mantle */ = {
			isa = PBXNativeTarget;
			buildConfigurationList = E474E2AF1E56F1100048FBFA /* Build configuration list for PBXNativeTarget "Mantle" */;
			buildPhases = (
				E474E2A41E56F1100048FBFA /* Sources */,
				E474E2A51E56F1100048FBFA /* Frameworks */,
				E474E2A61E56F1100048FBFA /* CopyFiles */,
			);
			buildRules = (
			);
			dependencies = (
			);
			name = Mantle;
			productName = Mantle;
			productReference = E474E2A81E56F1100048FBFA /* mantle */;
			productType = "com.apple.product-type.tool";
		};
/* End PBXNativeTarget section */

/* Begin PBXProject section */
		E474E2A01E56F1100048FBFA /* Project object */ = {
			isa = PBXProject;
			attributes = {
				LastUpgradeCheck = 0820;
				ORGANIZATIONNAME = zhiyu.hao;
				TargetAttributes = {
					E474E2A71E56F1100048FBFA = {
						CreatedOnToolsVersion = 8.2.1;
						ProvisioningStyle = Automatic;
					};
				};
			};
			buildConfigurationList = E474E2A31E56F1100048FBFA /* Build configuration list for PBXProject "Mantle" */;
			compatibilityVersion = "Xcode 3.2";
			developmentRegion = English;
			hasScannedForEncodings = 0;
			knownRegions = (
				en,
			);
			mainGroup = E474E29F1E56F1100048FBFA;
			productRefGroup = E474E2A91E56F1100048FBFA /* Products */;
			projectDirPath = "";
			projectRoot = "";
			targets = (
				E474E2A71E56F1100048FBFA /* Mantle */,
			);
		};
/* End PBXProject section */

/* Begin PBXSourcesBuildPhase section */
		E474E2A41E56F1100048FBFA /* Sources */ = {
			isa = PBXSourcesBuildPhase;
			buildActionMask = 2147483647;
			files = (
				E474E2D21E56F6F30048FBFA /* BuildProtocol.m in Sources */,
				E474E2D01E56F6F30048FBFA /* Build.m in Sources */,
				E474E31C1E57709F0048FBFA /* Logo.m in Sources */,
				E474E2AC1E56F1100048FBFA /* main.m in Sources */,
				E474E2D41E56F6F30048FBFA /* NSString+HzyExtension.m in Sources */,
				E474E2D31E56F6F30048FBFA /* NSDate+HzyExtension.m in Sources */,
				E474E2D51E56F6F30048FBFA /* JSONKit.m in Sources */,
				E474E2D11E56F6F30048FBFA /* BuildHelper.m in Sources */,
			);
			runOnlyForDeploymentPostprocessing = 0;
		};
/* End PBXSourcesBuildPhase section */

/* Begin XCBuildConfiguration section */
		E474E2AD1E56F1100048FBFA /* Debug */ = {
			isa = XCBuildConfiguration;
			buildSettings = {
				ALWAYS_SEARCH_USER_PATHS = NO;
				CLANG_ANALYZER_NONNULL = YES;
				CLANG_CXX_LANGUAGE_STANDARD = "gnu++0x";
				CLANG_CXX_LIBRARY = "libc++";
				CLANG_ENABLE_MODULES = YES;
				CLANG_ENABLE_OBJC_ARC = YES;
				CLANG_WARN_BOOL_CONVERSION = YES;
				CLANG_WARN_CONSTANT_CONVERSION = YES;
				CLANG_WARN_DIRECT_OBJC_ISA_USAGE = YES_ERROR;
				CLANG_WARN_DOCUMENTATION_COMMENTS = YES;
				CLANG_WARN_EMPTY_BODY = YES;
				CLANG_WARN_ENUM_CONVERSION = YES;
				CLANG_WARN_INFINITE_RECURSION = YES;
				CLANG_WARN_INT_CONVERSION = YES;
				CLANG_WARN_OBJC_ROOT_CLASS = YES_ERROR;
				CLANG_WARN_SUSPICIOUS_MOVE = YES;
				CLANG_WARN_UNREACHABLE_CODE = YES;
				CLANG_WARN__DUPLICATE_METHOD_MATCH = YES;
				CODE_SIGN_IDENTITY = "-";
				COPY_PHASE_STRIP = NO;
				DEBUG_INFORMATION_FORMAT = dwarf;
				ENABLE_STRICT_OBJC_MSGSEND = YES;
				ENABLE_TESTABILITY = YES;
				GCC_C_LANGUAGE_STANDARD = gnu99;
				GCC_DYNAMIC_NO_PIC = NO;
				GCC_NO_COMMON_BLOCKS = YES;
				GCC_OPTIMIZATION_LEVEL = 0;
				GCC_PREPROCESSOR_DEFINITIONS = (
					"DEBUG=1",
					"$(inherited)",
				);
				GCC_WARN_64_TO_32_BIT_CONVERSION = YES;
				GCC_WARN_ABOUT_RETURN_TYPE = YES_ERROR;
				GCC_WARN_UNDECLARED_SELECTOR = YES;
				GCC_WARN_UNINITIALIZED_AUTOS = YES_AGGRESSIVE;
				GCC_WARN_UNUSED_FUNCTION = YES;
				GCC_WARN_UNUSED_VARIABLE = YES;
				MACOSX_DEPLOYMENT_TARGET = 10.11;
				MTL_ENABLE_DEBUG_INFO = YES;
				ONLY_ACTIVE_ARCH = YES;
				SDKROOT = macosx;
			};
			name = Debug;
		};
		E474E2AE1E56F1100048FBFA /* Release */ = {
			isa = XCBuildConfiguration;
			buildSettings = {
				ALWAYS_SEARCH_USER_PATHS = NO;
				CLANG_ANALYZER_NONNULL = YES;
				CLANG_CXX_LANGUAGE_STANDARD = "gnu++0x";
				CLANG_CXX_LIBRARY = "libc++";
				CLANG_ENABLE_MODULES = YES;
				CLANG_ENABLE_OBJC_ARC = YES;
				CLANG_WARN_BOOL_CONVERSION = YES;
				CLANG_WARN_CONSTANT_CONVERSION = YES;
				CLANG_WARN_DIRECT_OBJC_ISA_USAGE = YES_ERROR;
				CLANG_WARN_DOCUMENTATION_COMMENTS = YES;
				CLANG_WARN_EMPTY_BODY = YES;
				CLANG_WARN_ENUM_CONVERSION = YES;
				CLANG_WARN_INFINITE_RECURSION = YES;
				CLANG_WARN_INT_CONVERSION = YES;
				CLANG_WARN_OBJC_ROOT_CLASS = YES_ERROR;
				CLANG_WARN_SUSPICIOUS_MOVE = YES;
				CLANG_WARN_UNREACHABLE_CODE = YES;
				CLANG_WARN__DUPLICATE_METHOD_MATCH = YES;
				CODE_SIGN_IDENTITY = "-";
				COPY_PHASE_STRIP = NO;
				DEBUG_INFORMATION_FORMAT = "dwarf-with-dsym";
				ENABLE_NS_ASSERTIONS = NO;
				ENABLE_STRICT_OBJC_MSGSEND = YES;
				GCC_C_LANGUAGE_STANDARD = gnu99;
				GCC_NO_COMMON_BLOCKS = YES;
				GCC_WARN_64_TO_32_BIT_CONVERSION = YES;
				GCC_WARN_ABOUT_RETURN_TYPE = YES_ERROR;
				GCC_WARN_UNDECLARED_SELECTOR = YES;
				GCC_WARN_UNINITIALIZED_AUTOS = YES_AGGRESSIVE;
				GCC_WARN_UNUSED_FUNCTION = YES;
				GCC_WARN_UNUSED_VARIABLE = YES;
				MACOSX_DEPLOYMENT_TARGET = 10.11;
				MTL_ENABLE_DEBUG_INFO = NO;
				SDKROOT = macosx;
			};
			name = Release;
		};
		E474E2B01E56F1100048FBFA /* Debug */ = {
			isa = XCBuildConfiguration;
			buildSettings = {
				PRODUCT_NAME = mantle;
			};
			name = Debug;
		};
		E474E2B11E56F1100048FBFA /* Release */ = {
			isa = XCBuildConfiguration;
			buildSettings = {
				PRODUCT_NAME = mantle;
			};
			name = Release;
		};
/* End XCBuildConfiguration section */

/* Begin XCConfigurationList section */
		E474E2A31E56F1100048FBFA /* Build configuration list for PBXProject "Mantle" */ = {
			isa = XCConfigurationList;
			buildConfigurations = (
				E474E2AD1E56F1100048FBFA /* Debug */,
				E474E2AE1E56F1100048FBFA /* Release */,
			);
			defaultConfigurationIsVisible = 0;
			defaultConfigurationName = Release;
		};
		E474E2AF1E56F1100048FBFA /* Build configuration list for PBXNativeTarget "Mantle" */ = {
			isa = XCConfigurationList;
			buildConfigurations = (
				E474E2B01E56F1100048FBFA /* Debug */,
				E474E2B11E56F1100048FBFA /* Release */,
			);
			defaultConfigurationIsVisible = 0;
			defaultConfigurationName = Release;
		};
/* End XCConfigurationList section */
	};
	rootObject = E474E2A01E56F1100048FBFA /* Project object */;
}
